// !$*UTF8*$!
{
	archiveVersion = 1;
	classes = {
	};
	objectVersion = 50;
	objects = {

/* Begin PBXBuildFile section */
		3F72D443293DF02200AF7C1A /* AppDelegate.m in Sources */ = {isa = PBXBuildFile; fileRef = 3F72D442293DF02200AF7C1A /* AppDelegate.m */; };
		3F72D446293DF02200AF7C1A /* SceneDelegate.m in Sources */ = {isa = PBXBuildFile; fileRef = 3F72D445293DF02200AF7C1A /* SceneDelegate.m */; };
		3F72D449293DF02200AF7C1A /* ViewController.m in Sources */ = {isa = PBXBuildFile; fileRef = 3F72D448293DF02200AF7C1A /* ViewController.m */; };
		3F72D44C293DF02200AF7C1A /* Main.storyboard in Resources */ = {isa = PBXBuildFile; fileRef = 3F72D44A293DF02200AF7C1A /* Main.storyboard */; };
		3F72D44F293DF02200AF7C1A /* Zadanie1_IOS.xcdatamodeld in Sources */ = {isa = PBXBuildFile; fileRef = 3F72D44D293DF02200AF7C1A /* Zadanie1_IOS.xcdatamodeld */; };
		3F72D451293DF02400AF7C1A /* Assets.xcassets in Resources */ = {isa = PBXBuildFile; fileRef = 3F72D450293DF02400AF7C1A /* Assets.xcassets */; };
		3F72D454293DF02400AF7C1A /* LaunchScreen.storyboard in Resources */ = {isa = PBXBuildFile; fileRef = 3F72D452293DF02400AF7C1A /* LaunchScreen.storyboard */; };
		3F72D457293DF02400AF7C1A /* main.m in Sources */ = {isa = PBXBuildFile; fileRef = 3F72D456293DF02400AF7C1A /* main.m */; };
		3F72D45F293DF4ED00AF7C1A /* SecondViewController.m in Sources */ = {isa = PBXBuildFile; fileRef = 3F72D45E293DF4ED00AF7C1A /* SecondViewController.m */; };
/* End PBXBuildFile section */

/* Begin PBXFileReference section */
		3F72D43E293DF02200AF7C1A /* Zadanie1_IOS.app */ = {isa = PBXFileReference; explicitFileType = wrapper.application; includeInIndex = 0; path = Zadanie1_IOS.app; sourceTree = BUILT_PRODUCTS_DIR; };
		3F72D441293DF02200AF7C1A /* AppDelegate.h */ = {isa = PBXFileReference; lastKnownFileType = sourcecode.c.h; path = AppDelegate.h; sourceTree = "<group>"; };
		3F72D442293DF02200AF7C1A /* AppDelegate.m */ = {isa = PBXFileReference; lastKnownFileType = sourcecode.c.objc; path = AppDelegate.m; sourceTree = "<group>"; };
		3F72D444293DF02200AF7C1A /* SceneDelegate.h */ = {isa = PBXFileReference; lastKnownFileType = sourcecode.c.h; path = SceneDelegate.h; sourceTree = "<group>"; };
		3F72D445293DF02200AF7C1A /* SceneDelegate.m */ = {isa = PBXFileReference; lastKnownFileType = sourcecode.c.objc; path = SceneDelegate.m; sourceTree = "<group>"; };
		3F72D447293DF02200AF7C1A /* ViewController.h */ = {isa = PBXFileReference; lastKnownFileType = sourcecode.c.h; path = ViewController.h; sourceTree = "<group>"; };
		3F72D448293DF02200AF7C1A /* ViewController.m */ = {isa = PBXFileReference; lastKnownFileType = sourcecode.c.objc; path = ViewController.m; sourceTree = "<group>"; };
		3F72D44B293DF02200AF7C1A /* Base */ = {isa = PBXFileReference; lastKnownFileType = file.storyboard; name = Base; path = Base.lproj/Main.storyboard; sourceTree = "<group>"; };
		3F72D44E293DF02200AF7C1A /* Zadanie1_IOS.xcdatamodel */ = {isa = PBXFileReference; lastKnownFileType = wrapper.xcdatamodel; path = Zadanie1_IOS.xcdatamodel; sourceTree = "<group>"; };
		3F72D450293DF02400AF7C1A /* Assets.xcassets */ = {isa = PBXFileReference; lastKnownFileType = folder.assetcatalog; path = Assets.xcassets; sourceTree = "<group>"; };
		3F72D453293DF02400AF7C1A /* Base */ = {isa = PBXFileReference; lastKnownFileType = file.storyboard; name = Base; path = Base.lproj/LaunchScreen.storyboard; sourceTree = "<group>"; };
		3F72D455293DF02400AF7C1A /* Info.plist */ = {isa = PBXFileReference; lastKnownFileType = text.plist.xml; path = Info.plist; sourceTree = "<group>"; };
		3F72D456293DF02400AF7C1A /* main.m */ = {isa = PBXFileReference; lastKnownFileType = sourcecode.c.objc; path = main.m; sourceTree = "<group>"; };
		3F72D45D293DF4ED00AF7C1A /* SecondViewController.h */ = {isa = PBXFileReference; lastKnownFileType = sourcecode.c.h; path = SecondViewController.h; sourceTree = "<group>"; };
		3F72D45E293DF4ED00AF7C1A /* SecondViewController.m */ = {isa = PBXFileReference; lastKnownFileType = sourcecode.c.objc; path = SecondViewController.m; sourceTree = "<group>"; };
/* End PBXFileReference section */

/* Begin PBXFrameworksBuildPhase section */
		3F72D43B293DF02200AF7C1A /* Frameworks */ = {
			isa = PBXFrameworksBuildPhase;
			buildActionMask = 2147483647;
			files = (
			);
			runOnlyForDeploymentPostprocessing = 0;
		};
/* End PBXFrameworksBuildPhase section */

/* Begin PBXGroup section */
		3F72D435293DF02200AF7C1A = {
			isa = PBXGroup;
			children = (
				3F72D440293DF02200AF7C1A /* Zadanie1_IOS */,
				3F72D43F293DF02200AF7C1A /* Products */,
			);
			sourceTree = "<group>";
		};
		3F72D43F293DF02200AF7C1A /* Products */ = {
			isa = PBXGroup;
			children = (
				3F72D43E293DF02200AF7C1A /* Zadanie1_IOS.app */,
			);
			name = Products;
			sourceTree = "<group>";
		};
		3F72D440293DF02200AF7C1A /* Zadanie1_IOS */ = {
			isa = PBXGroup;
			children = (
				3F72D441293DF02200AF7C1A /* AppDelegate.h */,
				3F72D442293DF02200AF7C1A /* AppDelegate.m */,
				3F72D444293DF02200AF7C1A /* SceneDelegate.h */,
				3F72D445293DF02200AF7C1A /* SceneDelegate.m */,
				3F72D447293DF02200AF7C1A /* ViewController.h */,
				3F72D448293DF02200AF7C1A /* ViewController.m */,
				3F72D44A293DF02200AF7C1A /* Main.storyboard */,
				3F72D450293DF02400AF7C1A /* Assets.xcassets */,
				3F72D452293DF02400AF7C1A /* LaunchScreen.storyboard */,
				3F72D455293DF02400AF7C1A /* Info.plist */,
				3F72D456293DF02400AF7C1A /* main.m */,
				3F72D44D293DF02200AF7C1A /* Zadanie1_IOS.xcdatamodeld */,
				3F72D45D293DF4ED00AF7C1A /* SecondViewController.h */,
				3F72D45E293DF4ED00AF7C1A /* SecondViewController.m */,
			);
			path = Zadanie1_IOS;
			sourceTree = "<group>";
		};
/* End PBXGroup section */

/* Begin PBXNativeTarget section */
		3F72D43D293DF02200AF7C1A /* Zadanie1_IOS */ = {
			isa = PBXNativeTarget;
			buildConfigurationList = 3F72D45A293DF02400AF7C1A /* Build configuration list for PBXNativeTarget "Zadanie1_IOS" */;
			buildPhases = (
				3F72D43A293DF02200AF7C1A /* Sources */,
				3F72D43B293DF02200AF7C1A /* Frameworks */,
				3F72D43C293DF02200AF7C1A /* Resources */,
			);
			buildRules = (
			);
			dependencies = (
			);
			name = Zadanie1_IOS;
			productName = Zadanie1_IOS;
			productReference = 3F72D43E293DF02200AF7C1A /* Zadanie1_IOS.app */;
			productType = "com.apple.product-type.application";
		};
/* End PBXNativeTarget section */

/* Begin PBXProject section */
		3F72D436293DF02200AF7C1A /* Project object */ = {
			isa = PBXProject;
			attributes = {
				LastUpgradeCheck = 1110;
				ORGANIZATIONNAME = example;
				TargetAttributes = {
					3F72D43D293DF02200AF7C1A = {
						CreatedOnToolsVersion = 11.1;
					};
				};
			};
			buildConfigurationList = 3F72D439293DF02200AF7C1A /* Build configuration list for PBXProject "Zadanie1_IOS" */;
			compatibilityVersion = "Xcode 9.3";
			developmentRegion = en;
			hasScannedForEncodings = 0;
			knownRegions = (
				en,
				Base,
			);
			mainGroup = 3F72D435293DF02200AF7C1A;
			productRefGroup = 3F72D43F293DF02200AF7C1A /* Products */;
			projectDirPath = "";
			projectRoot = "";
			targets = (
				3F72D43D293DF02200AF7C1A /* Zadanie1_IOS */,
			);
		};
/* End PBXProject section */

/* Begin PBXResourcesBuildPhase section */
		3F72D43C293DF02200AF7C1A /* Resources */ = {
			isa = PBXResourcesBuildPhase;
			buildActionMask = 2147483647;
			files = (
				3F72D454293DF02400AF7C1A /* LaunchScreen.storyboard in Resources */,
				3F72D451293DF02400AF7C1A /* Assets.xcassets in Resources */,
				3F72D44C293DF02200AF7C1A /* Main.storyboard in Resources */,
			);
			runOnlyForDeploymentPostprocessing = 0;
		};
/* End PBXResourcesBuildPhase section */

/* Begin PBXSourcesBuildPhase section */
		3F72D43A293DF02200AF7C1A /* Sources */ = {
			isa = PBXSourcesBuildPhase;
			buildActionMask = 2147483647;
			files = (
				3F72D45F293DF4ED00AF7C1A /* SecondViewController.m in Sources */,
				3F72D457293DF02400AF7C1A /* main.m in Sources */,
				3F72D44F293DF02200AF7C1A /* Zadanie1_IOS.xcdatamodeld in Sources */,
				3F72D449293DF02200AF7C1A /* ViewController.m in Sources */,
				3F72D443293DF02200AF7C1A /* AppDelegate.m in Sources */,
				3F72D446293DF02200AF7C1A /* SceneDelegate.m in Sources */,
			);
			runOnlyForDeploymentPostprocessing = 0;
		};
/* End PBXSourcesBuildPhase section */

/* Begin PBXVariantGroup section */
		3F72D44A293DF02200AF7C1A /* Main.storyboard */ = {
			isa = PBXVariantGroup;
			children = (
				3F72D44B293DF02200AF7C1A /* Base */,
			);
			name = Main.storyboard;
			sourceTree = "<group>";
		};
		3F72D452293DF02400AF7C1A /* LaunchScreen.storyboard */ = {
			isa = PBXVariantGroup;
			children = (
				3F72D453293DF02400AF7C1A /* Base */,
			);
			name = LaunchScreen.storyboard;
			sourceTree = "<group>";
		};
/* End PBXVariantGroup section */

/* Begin XCBuildConfiguration section */
		3F72D458293DF02400AF7C1A /* Debug */ = {
			isa = XCBuildConfiguration;
			buildSettings = {
				ALWAYS_SEARCH_USER_PATHS = NO;
				CLANG_ANALYZER_NONNULL = YES;
				CLANG_ANALYZER_NUMBER_OBJECT_CONVERSION = YES_AGGRESSIVE;
				CLANG_CXX_LANGUAGE_STANDARD = "gnu++14";
				CLANG_CXX_LIBRARY = "libc++";
				CLANG_ENABLE_MODULES = YES;
				CLANG_ENABLE_OBJC_ARC = YES;
				CLANG_ENABLE_OBJC_WEAK = YES;
				CLANG_WARN_BLOCK_CAPTURE_AUTORELEASING = YES;
				CLANG_WARN_BOOL_CONVERSION = YES;
				CLANG_WARN_COMMA = YES;
				CLANG_WARN_CONSTANT_CONVERSION = YES;
				CLANG_WARN_DEPRECATED_OBJC_IMPLEMENTATIONS = YES;
				CLANG_WARN_DIRECT_OBJC_ISA_USAGE = YES_ERROR;
				CLANG_WARN_DOCUMENTATION_COMMENTS = YES;
				CLANG_WARN_EMPTY_BODY = YES;
				CLANG_WARN_ENUM_CONVERSION = YES;
				CLANG_WARN_INFINITE_RECURSION = YES;
				CLANG_WARN_INT_CONVERSION = YES;
				CLANG_WARN_NON_LITERAL_NULL_CONVERSION = YES;
				CLANG_WARN_OBJC_IMPLICIT_RETAIN_SELF = YES;
				CLANG_WARN_OBJC_LITERAL_CONVERSION = YES;
				CLANG_WARN_OBJC_ROOT_CLASS = YES_ERROR;
				CLANG_WARN_RANGE_LOOP_ANALYSIS = YES;
				CLANG_WARN_STRICT_PROTOTYPES = YES;
				CLANG_WARN_SUSPICIOUS_MOVE = YES;
				CLANG_WARN_UNGUARDED_AVAILABILITY = YES_AGGRESSIVE;
				CLANG_WARN_UNREACHABLE_CODE = YES;
				CLANG_WARN__DUPLICATE_METHOD_MATCH = YES;
				COPY_PHASE_STRIP = NO;
				DEBUG_INFORMATION_FORMAT = dwarf;
				ENABLE_STRICT_OBJC_MSGSEND = YES;
				ENABLE_TESTABILITY = YES;
				GCC_C_LANGUAGE_STANDARD = gnu11;
				GCC_DYNAMIC_NO_PIC = NO;
				GCC_NO_COMMON_BLOCKS = YES;
				GCC_OPTIMIZATION_LEVEL = 0;
				GCC_PREPROCESSOR_DEFINITIONS = (
					"DEBUG=1",
					"$(inherited)",
				);
				GCC_WARN_64_TO_32_BIT_CONVERSION = YES;
				GCC_WARN_ABOUT_RETURN_TYPE = YES_ERROR;
				GCC_WARN_UNDECLARED_SELECTOR = YES;
				GCC_WARN_UNINITIALIZED_AUTOS = YES_AGGRESSIVE;
				GCC_WARN_UNUSED_FUNCTION = YES;
				GCC_WARN_UNUSED_VARIABLE = YES;
				IPHONEOS_DEPLOYMENT_TARGET = 13.1;
				MTL_ENABLE_DEBUG_INFO = INCLUDE_SOURCE;
				MTL_FAST_MATH = YES;
				ONLY_ACTIVE_ARCH = YES;
				SDKROOT = iphoneos;
			};
			name = Debug;
		};
		3F72D459293DF02400AF7C1A /* Release */ = {
			isa = XCBuildConfiguration;
			buildSettings = {
				ALWAYS_SEARCH_USER_PATHS = NO;
				CLANG_ANALYZER_NONNULL = YES;
				CLANG_ANALYZER_NUMBER_OBJECT_CONVERSION = YES_AGGRESSIVE;
				CLANG_CXX_LANGUAGE_STANDARD = "gnu++14";
				CLANG_CXX_LIBRARY = "libc++";
				CLANG_ENABLE_MODULES = YES;
				CLANG_ENABLE_OBJC_ARC = YES;
				CLANG_ENABLE_OBJC_WEAK = YES;
				CLANG_WARN_BLOCK_CAPTURE_AUTORELEASING = YES;
				CLANG_WARN_BOOL_CONVERSION = YES;
				CLANG_WARN_COMMA = YES;
				CLANG_WARN_CONSTANT_CONVERSION = YES;
				CLANG_WARN_DEPRECATED_OBJC_IMPLEMENTATIONS = YES;
				CLANG_WARN_DIRECT_OBJC_ISA_USAGE = YES_ERROR;
				CLANG_WARN_DOCUMENTATION_COMMENTS = YES;
				CLANG_WARN_EMPTY_BODY = YES;
				CLANG_WARN_ENUM_CONVERSION = YES;
				CLANG_WARN_INFINITE_RECURSION = YES;
				CLANG_WARN_INT_CONVERSION = YES;
				CLANG_WARN_NON_LITERAL_NULL_CONVERSION = YES;
				CLANG_WARN_OBJC_IMPLICIT_RETAIN_SELF = YES;
				CLANG_WARN_OBJC_LITERAL_CONVERSION = YES;
				CLANG_WARN_OBJC_ROOT_CLASS = YES_ERROR;
				CLANG_WARN_RANGE_LOOP_ANALYSIS = YES;
				CLANG_WARN_STRICT_PROTOTYPES = YES;
				CLANG_WARN_SUSPICIOUS_MOVE = YES;
				CLANG_WARN_UNGUARDED_AVAILABILITY = YES_AGGRESSIVE;
				CLANG_WARN_UNREACHABLE_CODE = YES;
				CLANG_WARN__DUPLICATE_METHOD_MATCH = YES;
				COPY_PHASE_STRIP = NO;
				DEBUG_INFORMATION_FORMAT = "dwarf-with-dsym";
				ENABLE_NS_ASSERTIONS = NO;
				ENABLE_STRICT_OBJC_MSGSEND = YES;
				GCC_C_LANGUAGE_STANDARD = gnu11;
				GCC_NO_COMMON_BLOCKS = YES;
				GCC_WARN_64_TO_32_BIT_CONVERSION = YES;
				GCC_WARN_ABOUT_RETURN_TYPE = YES_ERROR;
				GCC_WARN_UNDECLARED_SELECTOR = YES;
				GCC_WARN_UNINITIALIZED_AUTOS = YES_AGGRESSIVE;
				GCC_WARN_UNUSED_FUNCTION = YES;
				GCC_WARN_UNUSED_VARIABLE = YES;
				IPHONEOS_DEPLOYMENT_TARGET = 13.1;
				MTL_ENABLE_DEBUG_INFO = NO;
				MTL_FAST_MATH = YES;
				SDKROOT = iphoneos;
				VALIDATE_PRODUCT = YES;
			};
			name = Release;
		};
		3F72D45B293DF02400AF7C1A /* Debug */ = {
			isa = XCBuildConfiguration;
			buildSettings = {
				ASSETCATALOG_COMPILER_APPICON_NAME = AppIcon;
				CODE_SIGN_STYLE = Automatic;
				INFOPLIST_FILE = Zadanie1_IOS/Info.plist;
				LD_RUNPATH_SEARCH_PATHS = (
					"$(inherited)",
					"@executable_path/Frameworks",
				);
				PRODUCT_BUNDLE_IDENTIFIER = "com.Zadanie1-IOS";
				PRODUCT_NAME = "$(TARGET_NAME)";
				TARGETED_DEVICE_FAMILY = "1,2";
			};
			name = Debug;
		};
		3F72D45C293DF02400AF7C1A /* Release */ = {
			isa = XCBuildConfiguration;
			buildSettings = {
				ASSETCATALOG_COMPILER_APPICON_NAME = AppIcon;
				CODE_SIGN_STYLE = Automatic;
				INFOPLIST_FILE = Zadanie1_IOS/Info.plist;
				LD_RUNPATH_SEARCH_PATHS = (
					"$(inherited)",
					"@executable_path/Frameworks",
				);
				PRODUCT_BUNDLE_IDENTIFIER = "com.Zadanie1-IOS";
				PRODUCT_NAME = "$(TARGET_NAME)";
				TARGETED_DEVICE_FAMILY = "1,2";
			};
			name = Release;
		};
/* End XCBuildConfiguration section */

/* Begin XCConfigurationList section */
		3F72D439293DF02200AF7C1A /* Build configuration list for PBXProject "Zadanie1_IOS" */ = {
			isa = XCConfigurationList;
			buildConfigurations = (
				3F72D458293DF02400AF7C1A /* Debug */,
				3F72D459293DF02400AF7C1A /* Release */,
			);
			defaultConfigurationIsVisible = 0;
			defaultConfigurationName = Release;
		};
		3F72D45A293DF02400AF7C1A /* Build configuration list for PBXNativeTarget "Zadanie1_IOS" */ = {
			isa = XCConfigurationList;
			buildConfigurations = (
				3F72D45B293DF02400AF7C1A /* Debug */,
				3F72D45C293DF02400AF7C1A /* Release */,
			);
			defaultConfigurationIsVisible = 0;
			defaultConfigurationName = Release;
		};
/* End XCConfigurationList section */

/* Begin XCVersionGroup section */
		3F72D44D293DF02200AF7C1A /* Zadanie1_IOS.xcdatamodeld */ = {
			isa = XCVersionGroup;
			children = (
				3F72D44E293DF02200AF7C1A /* Zadanie1_IOS.xcdatamodel */,
			);
			currentVersion = 3F72D44E293DF02200AF7C1A /* Zadanie1_IOS.xcdatamodel */;
			path = Zadanie1_IOS.xcdatamodeld;
			sourceTree = "<group>";
			versionGroupType = wrapper.xcdatamodel;
		};
/* End XCVersionGroup section */
	};
	rootObject = 3F72D436293DF02200AF7C1A /* Project object */;
}
